{
  "name": "injection",
  "version": "1.0.0",
  "lockfileVersion": 3,
  "requires": true,
  "packages": {
    "": {
      "name": "injection",
      "version": "1.0.0",
      "license": "ISC",
      "dependencies": {
        "jsmind": "^0.8.7"
      }
    },
    "node_modules/jsmind": {
      "version": "0.8.7",
      "resolved": "https://registry.npmjs.org/jsmind/-/jsmind-0.8.7.tgz",
      "integrity": "sha512-sEoYSEmugKPaPPXh0byA2/WhFZqfe4lu2iaMAHmMc4c8GoEkrER+htTmnMmXza0l9iwOPMnm31zPSqdQdcjXSw==",
      "license": "BSD-3-Clause"
    }
  }
}
